
Microsoft Visual Studio Solution File, Format Version 12.00
# Visual Studio 15
VisualStudioVersion = 15.0.26730.12
MinimumVisualStudioVersion = 10.0.40219.1
Project("{888888A0-9F3D-457C-B088-3A5042F75D52}") = "astroide cornu", "astroide cornu\astroide cornu.pyproj", "{4872A8AE-861A-4969-A54F-4828E8D985C2}"
EndProject
Global
	GlobalSection(SolutionConfigurationPlatforms) = preSolution
		Debug|Any CPU = Debug|Any CPU
		Release|Any CPU = Release|Any CPU
	EndGlobalSection
	GlobalSection(ProjectConfigurationPlatforms) = postSolution
		{4872A8AE-861A-4969-A54F-4828E8D985C2}.Debug|Any CPU.ActiveCfg = Debug|Any CPU
		{4872A8AE-861A-4969-A54F-4828E8D985C2}.Release|Any CPU.ActiveCfg = Release|Any CPU
	EndGlobalSection
	GlobalSection(SolutionProperties) = preSolution
		HideSolutionNode = FALSE
	EndGlobalSection
	GlobalSection(ExtensibilityGlobals) = postSolution
		SolutionGuid = {57A741F6-6486-4ECD-BC69-7FAA22F19731}
	EndGlobalSection
EndGlobal
