
Microsoft Visual Studio Solution File, Format Version 12.00
# Visual Studio 15
VisualStudioVersion = 15.0.26730.12
MinimumVisualStudioVersion = 10.0.40219.1
Project("{888888A0-9F3D-457C-B088-3A5042F75D52}") = "dm math gamma", "dm math gamma\dm math gamma.pyproj", "{435DE383-EF0A-4730-A957-C03F6C63E830}"
EndProject
Global
	GlobalSection(SolutionConfigurationPlatforms) = preSolution
		Debug|Any CPU = Debug|Any CPU
		Release|Any CPU = Release|Any CPU
	EndGlobalSection
	GlobalSection(ProjectConfigurationPlatforms) = postSolution
		{435DE383-EF0A-4730-A957-C03F6C63E830}.Debug|Any CPU.ActiveCfg = Debug|Any CPU
		{435DE383-EF0A-4730-A957-C03F6C63E830}.Release|Any CPU.ActiveCfg = Release|Any CPU
	EndGlobalSection
	GlobalSection(SolutionProperties) = preSolution
		HideSolutionNode = FALSE
	EndGlobalSection
	GlobalSection(ExtensibilityGlobals) = postSolution
		SolutionGuid = {D84F32EB-FCEE-4F4B-9EC2-35E0EE0A5D34}
	EndGlobalSection
EndGlobal
