
Microsoft Visual Studio Solution File, Format Version 12.00
# Visual Studio 15
VisualStudioVersion = 15.0.26730.12
MinimumVisualStudioVersion = 10.0.40219.1
Project("{888888A0-9F3D-457C-B088-3A5042F75D52}") = "ouvre portail", "ouvre portail\ouvre portail.pyproj", "{722F5649-2F42-4C8D-BF62-A98292E44A0F}"
EndProject
Global
	GlobalSection(SolutionConfigurationPlatforms) = preSolution
		Debug|Any CPU = Debug|Any CPU
		Release|Any CPU = Release|Any CPU
	EndGlobalSection
	GlobalSection(ProjectConfigurationPlatforms) = postSolution
		{722F5649-2F42-4C8D-BF62-A98292E44A0F}.Debug|Any CPU.ActiveCfg = Debug|Any CPU
		{722F5649-2F42-4C8D-BF62-A98292E44A0F}.Release|Any CPU.ActiveCfg = Release|Any CPU
	EndGlobalSection
	GlobalSection(SolutionProperties) = preSolution
		HideSolutionNode = FALSE
	EndGlobalSection
	GlobalSection(ExtensibilityGlobals) = postSolution
		SolutionGuid = {5A465D06-3878-4579-8C24-9AC927887533}
	EndGlobalSection
EndGlobal
