
Microsoft Visual Studio Solution File, Format Version 12.00
# Visual Studio 15
VisualStudioVersion = 15.0.26730.12
MinimumVisualStudioVersion = 10.0.40219.1
Project("{888888A0-9F3D-457C-B088-3A5042F75D52}") = "arcsin", "arcsin\arcsin.pyproj", "{5AE82707-A729-4186-86B1-2C96C5219663}"
EndProject
Global
	GlobalSection(SolutionConfigurationPlatforms) = preSolution
		Debug|Any CPU = Debug|Any CPU
		Release|Any CPU = Release|Any CPU
	EndGlobalSection
	GlobalSection(ProjectConfigurationPlatforms) = postSolution
		{5AE82707-A729-4186-86B1-2C96C5219663}.Debug|Any CPU.ActiveCfg = Debug|Any CPU
		{5AE82707-A729-4186-86B1-2C96C5219663}.Release|Any CPU.ActiveCfg = Release|Any CPU
	EndGlobalSection
	GlobalSection(SolutionProperties) = preSolution
		HideSolutionNode = FALSE
	EndGlobalSection
	GlobalSection(ExtensibilityGlobals) = postSolution
		SolutionGuid = {76CF1746-DD02-4907-8623-BC9BD4C36864}
	EndGlobalSection
EndGlobal
